
Microsoft Visual Studio Solution File, Format Version 12.00
# Visual Studio Version 16
VisualStudioVersion = 16.0.31515.178
MinimumVisualStudioVersion = 10.0.40219.1
Project("{FAE04EC0-301F-11D3-BF4B-00C04F79EFBC}") = "Consultas", "Consultas\Consultas.csproj", "{11B35FC5-E459-4A35-A9C5-24CAF8BA9850}"
EndProject
Global
	GlobalSection(SolutionConfigurationPlatforms) = preSolution
		Debug|Any CPU = Debug|Any CPU
		Release|Any CPU = Release|Any CPU
	EndGlobalSection
	GlobalSection(ProjectConfigurationPlatforms) = postSolution
		{11B35FC5-E459-4A35-A9C5-24CAF8BA9850}.Debug|Any CPU.ActiveCfg = Debug|Any CPU
		{11B35FC5-E459-4A35-A9C5-24CAF8BA9850}.Debug|Any CPU.Build.0 = Debug|Any CPU
		{11B35FC5-E459-4A35-A9C5-24CAF8BA9850}.Release|Any CPU.ActiveCfg = Release|Any CPU
		{11B35FC5-E459-4A35-A9C5-24CAF8BA9850}.Release|Any CPU.Build.0 = Release|Any CPU
	EndGlobalSection
	GlobalSection(SolutionProperties) = preSolution
		HideSolutionNode = FALSE
	EndGlobalSection
	GlobalSection(ExtensibilityGlobals) = postSolution
		SolutionGuid = {B32713A3-FE4B-4432-8A87-1B387F449EB8}
	EndGlobalSection
EndGlobal
